
Microsoft Visual Studio Solution File, Format Version 12.00
# Visual Studio Version 17
VisualStudioVersion = 17.3.32929.385
MinimumVisualStudioVersion = 10.0.40219.1
Project("{FAE04EC0-301F-11D3-BF4B-00C04F79EFBC}") = "Task1", "Task1\Task1.csproj", "{9F339858-3486-40C7-9A2B-230B548B0B4F}"
EndProject
Project("{FAE04EC0-301F-11D3-BF4B-00C04F79EFBC}") = "Task2", "Task2\Task2.csproj", "{C392383F-95AC-40AD-B922-F65B387F416F}"
EndProject
Project("{FAE04EC0-301F-11D3-BF4B-00C04F79EFBC}") = "Task3", "Task3\Task3.csproj", "{156FAA5C-C201-4B5D-B8FD-0DC5031A7CA3}"
EndProject
Global
	GlobalSection(SolutionConfigurationPlatforms) = preSolution
		Debug|Any CPU = Debug|Any CPU
		Release|Any CPU = Release|Any CPU
	EndGlobalSection
	GlobalSection(ProjectConfigurationPlatforms) = postSolution
		{9F339858-3486-40C7-9A2B-230B548B0B4F}.Debug|Any CPU.ActiveCfg = Debug|Any CPU
		{9F339858-3486-40C7-9A2B-230B548B0B4F}.Debug|Any CPU.Build.0 = Debug|Any CPU
		{9F339858-3486-40C7-9A2B-230B548B0B4F}.Release|Any CPU.ActiveCfg = Release|Any CPU
		{9F339858-3486-40C7-9A2B-230B548B0B4F}.Release|Any CPU.Build.0 = Release|Any CPU
		{C392383F-95AC-40AD-B922-F65B387F416F}.Debug|Any CPU.ActiveCfg = Debug|Any CPU
		{C392383F-95AC-40AD-B922-F65B387F416F}.Debug|Any CPU.Build.0 = Debug|Any CPU
		{C392383F-95AC-40AD-B922-F65B387F416F}.Release|Any CPU.ActiveCfg = Release|Any CPU
		{C392383F-95AC-40AD-B922-F65B387F416F}.Release|Any CPU.Build.0 = Release|Any CPU
		{156FAA5C-C201-4B5D-B8FD-0DC5031A7CA3}.Debug|Any CPU.ActiveCfg = Debug|Any CPU
		{156FAA5C-C201-4B5D-B8FD-0DC5031A7CA3}.Debug|Any CPU.Build.0 = Debug|Any CPU
		{156FAA5C-C201-4B5D-B8FD-0DC5031A7CA3}.Release|Any CPU.ActiveCfg = Release|Any CPU
		{156FAA5C-C201-4B5D-B8FD-0DC5031A7CA3}.Release|Any CPU.Build.0 = Release|Any CPU
	EndGlobalSection
	GlobalSection(SolutionProperties) = preSolution
		HideSolutionNode = FALSE
	EndGlobalSection
	GlobalSection(ExtensibilityGlobals) = postSolution
		SolutionGuid = {B14A5B2F-C9CE-4516-83D5-BB8AF253CC78}
	EndGlobalSection
EndGlobal
